lockfileVersion: '9.0'

settings:
  autoInstallPeers: true
  excludeLinksFromLockfile: false

importers:

  .:
    dependencies:
      libsodium-wrappers:
        specifier: ^0.7.13
        version: 0.7.16
      prom-client:
        specifier: ^14.0.0
        version: 14.2.0
      ws:
        specifier: ^8.13.0
        version: 8.19.0

packages:

  bintrees@1.0.2:
    resolution: {integrity: sha512-VOMgTMwjAaUG580SXn3LacVgjurrbMme7ZZNYGSSV7mmtY6QQRh0Eg3pwIcntQ77DErK1L0NxkbetjcoXzVwKw==}

  libsodium-wrappers@0.7.16:
    resolution: {integrity: sha512-Gtr/WBx4dKjvRL1pvfwZqu7gO6AfrQ0u9vFL+kXihtHf6NfkROR8pjYWn98MFDI3jN19Ii1ZUfPR9afGiPyfHg==}

  libsodium@0.7.16:
    resolution: {integrity: sha512-3HrzSPuzm6Yt9aTYCDxYEG8x8/6C0+ag655Y7rhhWZM9PT4NpdnbqlzXhGZlDnkgR6MeSTnOt/VIyHLs9aSf+Q==}

  prom-client@14.2.0:
    resolution: {integrity: sha512-sF308EhTenb/pDRPakm+WgiN+VdM/T1RaHj1x+MvAuT8UiQP8JmOEbxVqtkbfR4LrvOg5n7ic01kRBDGXjYikA==}
    engines: {node: '>=10'}

  tdigest@0.1.2:
    resolution: {integrity: sha512-+G0LLgjjo9BZX2MfdvPfH+MKLCrxlXSYec5DaPYP1fe6Iyhf0/fSmJ0bFiZ1F8BT6cGXl2LpltQptzjXKWEkKA==}

  ws@8.19.0:
    resolution: {integrity: sha512-blAT2mjOEIi0ZzruJfIhb3nps74PRWTCz1IjglWEEpQl5XS/UNama6u2/rjFkDDouqr4L67ry+1aGIALViWjDg==}
    engines: {node: '>=10.0.0'}
    peerDependencies:
      bufferutil: ^4.0.1
      utf-8-validate: '>=5.0.2'
    peerDependenciesMeta:
      bufferutil:
        optional: true
      utf-8-validate:
        optional: true

snapshots:

  bintrees@1.0.2: {}

  libsodium-wrappers@0.7.16:
    dependencies:
      libsodium: 0.7.16

  libsodium@0.7.16: {}

  prom-client@14.2.0:
    dependencies:
      tdigest: 0.1.2

  tdigest@0.1.2:
    dependencies:
      bintrees: 1.0.2

  ws@8.19.0: {}
